
Microsoft Visual Studio Solution File, Format Version 12.00
# Visual Studio Version 17
VisualStudioVersion = 17.13.35825.156 d17.13
MinimumVisualStudioVersion = 10.0.40219.1
Project("{FAE04EC0-301F-11D3-BF4B-00C04F79EFBC}") = "Business", "Business\Business.csproj", "{9D455870-A3D9-4168-B6B7-703D9E3A166C}"
EndProject
Project("{FAE04EC0-301F-11D3-BF4B-00C04F79EFBC}") = "Core", "Core\Core.csproj", "{5213872B-B49B-4F08-B38A-A37AF9226FCB}"
EndProject
Project("{FAE04EC0-301F-11D3-BF4B-00C04F79EFBC}") = "DataAccess", "DataAccess\DataAccess.csproj", "{C08401A1-3B78-441C-9F15-D73033F49579}"
EndProject
Project("{FAE04EC0-301F-11D3-BF4B-00C04F79EFBC}") = "Entities", "Entities\Entities.csproj", "{1A04CE94-A5B9-4E88-98CE-B3606BA4C79A}"
EndProject
Project("{FAE04EC0-301F-11D3-BF4B-00C04F79EFBC}") = "Presentation", "Presentation\Presentation.csproj", "{709D3427-C862-431E-B6B3-92097F7B1BA0}"
EndProject
Global
	GlobalSection(SolutionConfigurationPlatforms) = preSolution
		Debug|Any CPU = Debug|Any CPU
		Release|Any CPU = Release|Any CPU
	EndGlobalSection
	GlobalSection(ProjectConfigurationPlatforms) = postSolution
		{9D455870-A3D9-4168-B6B7-703D9E3A166C}.Debug|Any CPU.ActiveCfg = Debug|Any CPU
		{9D455870-A3D9-4168-B6B7-703D9E3A166C}.Debug|Any CPU.Build.0 = Debug|Any CPU
		{9D455870-A3D9-4168-B6B7-703D9E3A166C}.Release|Any CPU.ActiveCfg = Release|Any CPU
		{9D455870-A3D9-4168-B6B7-703D9E3A166C}.Release|Any CPU.Build.0 = Release|Any CPU
		{5213872B-B49B-4F08-B38A-A37AF9226FCB}.Debug|Any CPU.ActiveCfg = Debug|Any CPU
		{5213872B-B49B-4F08-B38A-A37AF9226FCB}.Debug|Any CPU.Build.0 = Debug|Any CPU
		{5213872B-B49B-4F08-B38A-A37AF9226FCB}.Release|Any CPU.ActiveCfg = Release|Any CPU
		{5213872B-B49B-4F08-B38A-A37AF9226FCB}.Release|Any CPU.Build.0 = Release|Any CPU
		{C08401A1-3B78-441C-9F15-D73033F49579}.Debug|Any CPU.ActiveCfg = Debug|Any CPU
		{C08401A1-3B78-441C-9F15-D73033F49579}.Debug|Any CPU.Build.0 = Debug|Any CPU
		{C08401A1-3B78-441C-9F15-D73033F49579}.Release|Any CPU.ActiveCfg = Release|Any CPU
		{C08401A1-3B78-441C-9F15-D73033F49579}.Release|Any CPU.Build.0 = Release|Any CPU
		{1A04CE94-A5B9-4E88-98CE-B3606BA4C79A}.Debug|Any CPU.ActiveCfg = Debug|Any CPU
		{1A04CE94-A5B9-4E88-98CE-B3606BA4C79A}.Debug|Any CPU.Build.0 = Debug|Any CPU
		{1A04CE94-A5B9-4E88-98CE-B3606BA4C79A}.Release|Any CPU.ActiveCfg = Release|Any CPU
		{1A04CE94-A5B9-4E88-98CE-B3606BA4C79A}.Release|Any CPU.Build.0 = Release|Any CPU
		{709D3427-C862-431E-B6B3-92097F7B1BA0}.Debug|Any CPU.ActiveCfg = Debug|Any CPU
		{709D3427-C862-431E-B6B3-92097F7B1BA0}.Debug|Any CPU.Build.0 = Debug|Any CPU
		{709D3427-C862-431E-B6B3-92097F7B1BA0}.Release|Any CPU.ActiveCfg = Release|Any CPU
		{709D3427-C862-431E-B6B3-92097F7B1BA0}.Release|Any CPU.Build.0 = Release|Any CPU
	EndGlobalSection
	GlobalSection(SolutionProperties) = preSolution
		HideSolutionNode = FALSE
	EndGlobalSection
	GlobalSection(ExtensibilityGlobals) = postSolution
		SolutionGuid = {A035EF4C-59EE-48EF-B319-2C11D2F05762}
	EndGlobalSection
EndGlobal
